{
  "requires": true,
  "lockfileVersion": 1,
  "dependencies": {
    "formidable": {
      "version": "1.2.2",
      "resolved": "https://registry.npmjs.org/formidable/-/formidable-1.2.2.tgz",
      "integrity": "sha512-V8gLm+41I/8kguQ4/o1D3RIHRmhYFG4pnNyonvua+40rqcEmT4+V71yaZ3B457xbbgCsCfjSPi65u/W6vK1U5Q=="
    },
    "mime": {
      "version": "2.4.5",
      "resolved": "https://registry.npmjs.org/mime/-/mime-2.4.5.tgz",
      "integrity": "sha512-3hQhEUF027BuxZjQA3s7rIv/7VCQPa27hN9u9g87sEkWaKwQPuXOkVKtOeiyUrnWqTDiOs8Ed2rwg733mB0R5w=="
    },
    "record-screen": {
      "version": "3.16.0",
      "resolved": "https://registry.npmjs.org/record-screen/-/record-screen-3.16.0.tgz",
      "integrity": "sha512-FvocVGBLWreibcZYKQpur4jtZt9EZKEnw8/t/dd2+5mrCBox0ILprOI0M+Quw2wwX73YNwpz0en7+vXrOtzDkQ=="
    },
    "recordrtc": {
      "version": "5.5.9",
      "resolved": "https://registry.npmjs.org/recordrtc/-/recordrtc-5.5.9.tgz",
      "integrity": "sha512-6T1tn80nRfsXrAoYWINwz+hBKk+pB5Im4I0BS52Og1ruQvrEdV3IUcm+AKwLMHNyBAhJ2DaVa+9pukTRxMF/uA=="
    },
    "recordrtc-nodejs": {
      "version": "1.0.6",
      "resolved": "https://registry.npmjs.org/recordrtc-nodejs/-/recordrtc-nodejs-1.0.6.tgz",
      "integrity": "sha1-N9i3bEfkQAY1zYCJsHJCgKcZwks=",
      "requires": {
        "formidable": "^1.2.2",
        "mime": "^2.4.5",
        "recordrtc": "^5.5.9"
      }
    }
  }
}
